// !$*UTF8*$!
{
	archiveVersion = 1;
	classes = {
	};
	objectVersion = 46;
	objects = {

/* Begin PBXBuildFile section */
		C9045EFB19E50732009444D4 /* AudioToolbox.framework in Frameworks */ = {isa = PBXBuildFile; fileRef = C9045EFA19E50732009444D4 /* AudioToolbox.framework */; };
		C9045F0519E5073B009444D4 /* CFNetwork.framework in Frameworks */ = {isa = PBXBuildFile; fileRef = C9045F0419E5073B009444D4 /* CFNetwork.framework */; };
		C9045F0719E50745009444D4 /* CoreGraphics.framework in Frameworks */ = {isa = PBXBuildFile; fileRef = C9045F0619E50745009444D4 /* CoreGraphics.framework */; };
		C9045F0919E5074D009444D4 /* CoreLocation.framework in Frameworks */ = {isa = PBXBuildFile; fileRef = C9045F0819E5074C009444D4 /* CoreLocation.framework */; };
		C9045F0B19E5075A009444D4 /* libz.dylib in Frameworks */ = {isa = PBXBuildFile; fileRef = C9045F0A19E5075A009444D4 /* libz.dylib */; };
		C9045F0D19E50765009444D4 /* MobileCoreServices.framework in Frameworks */ = {isa = PBXBuildFile; fileRef = C9045F0C19E50765009444D4 /* MobileCoreServices.framework */; };
		C9045F0F19E50785009444D4 /* QuartzCore.framework in Frameworks */ = {isa = PBXBuildFile; fileRef = C9045F0E19E50785009444D4 /* QuartzCore.framework */; };
		C9045F1119E50790009444D4 /* Security.framework in Frameworks */ = {isa = PBXBuildFile; fileRef = C9045F1019E50790009444D4 /* Security.framework */; };
		C9045F1319E50797009444D4 /* StoreKit.framework in Frameworks */ = {isa = PBXBuildFile; fileRef = C9045F1219E50797009444D4 /* StoreKit.framework */; };
		C9045F1519E507A1009444D4 /* SystemConfiguration.framework in Frameworks */ = {isa = PBXBuildFile; fileRef = C9045F1419E507A1009444D4 /* SystemConfiguration.framework */; };
		C942A2B519E4E76B00E4E6B9 /* AppDelegate.swift in Sources */ = {isa = PBXBuildFile; fileRef = C942A2B419E4E76B00E4E6B9 /* AppDelegate.swift */; };
		C942A2B719E4E76B00E4E6B9 /* ViewController.swift in Sources */ = {isa = PBXBuildFile; fileRef = C942A2B619E4E76B00E4E6B9 /* ViewController.swift */; };
		C942A2BA19E4E76B00E4E6B9 /* Main.storyboard in Resources */ = {isa = PBXBuildFile; fileRef = C942A2B819E4E76B00E4E6B9 /* Main.storyboard */; };
		C942A2BC19E4E76B00E4E6B9 /* Images.xcassets in Resources */ = {isa = PBXBuildFile; fileRef = C942A2BB19E4E76B00E4E6B9 /* Images.xcassets */; };
		C942A2BF19E4E76B00E4E6B9 /* LaunchScreen.xib in Resources */ = {isa = PBXBuildFile; fileRef = C942A2BD19E4E76B00E4E6B9 /* LaunchScreen.xib */; };
		C942A2CB19E4E76B00E4E6B9 /* ParseFBTests.swift in Sources */ = {isa = PBXBuildFile; fileRef = C942A2CA19E4E76B00E4E6B9 /* ParseFBTests.swift */; };
		C942A48A19E4E79F00E4E6B9 /* Bolts.framework in Frameworks */ = {isa = PBXBuildFile; fileRef = C942A48719E4E79F00E4E6B9 /* Bolts.framework */; };
		C942A48B19E4E79F00E4E6B9 /* Parse.framework in Frameworks */ = {isa = PBXBuildFile; fileRef = C942A48819E4E79F00E4E6B9 /* Parse.framework */; };
		C942A48C19E4E79F00E4E6B9 /* ParseFacebookUtils.framework in Frameworks */ = {isa = PBXBuildFile; fileRef = C942A48919E4E79F00E4E6B9 /* ParseFacebookUtils.framework */; };
		C967CC8619E51033008BDF54 /* FacebookSDK.framework in Frameworks */ = {isa = PBXBuildFile; fileRef = C967CC8519E51033008BDF54 /* FacebookSDK.framework */; };
		C967CC8919E5105C008BDF54 /* HealthKit.framework in Frameworks */ = {isa = PBXBuildFile; fileRef = C967CC8819E5105C008BDF54 /* HealthKit.framework */; };
/* End PBXBuildFile section */

/* Begin PBXContainerItemProxy section */
		C942A2C519E4E76B00E4E6B9 /* PBXContainerItemProxy */ = {
			isa = PBXContainerItemProxy;
			containerPortal = C942A2A719E4E76B00E4E6B9 /* Project object */;
			proxyType = 1;
			remoteGlobalIDString = C942A2AE19E4E76B00E4E6B9;
			remoteInfo = ParseFB;
		};
/* End PBXContainerItemProxy section */

/* Begin PBXFileReference section */
		C9045EFA19E50732009444D4 /* AudioToolbox.framework */ = {isa = PBXFileReference; lastKnownFileType = wrapper.framework; name = AudioToolbox.framework; path = System/Library/Frameworks/AudioToolbox.framework; sourceTree = SDKROOT; };
		C9045F0419E5073B009444D4 /* CFNetwork.framework */ = {isa = PBXFileReference; lastKnownFileType = wrapper.framework; name = CFNetwork.framework; path = System/Library/Frameworks/CFNetwork.framework; sourceTree = SDKROOT; };
		C9045F0619E50745009444D4 /* CoreGraphics.framework */ = {isa = PBXFileReference; lastKnownFileType = wrapper.framework; name = CoreGraphics.framework; path = System/Library/Frameworks/CoreGraphics.framework; sourceTree = SDKROOT; };
		C9045F0819E5074C009444D4 /* CoreLocation.framework */ = {isa = PBXFileReference; lastKnownFileType = wrapper.framework; name = CoreLocation.framework; path = System/Library/Frameworks/CoreLocation.framework; sourceTree = SDKROOT; };
		C9045F0A19E5075A009444D4 /* libz.dylib */ = {isa = PBXFileReference; lastKnownFileType = "compiled.mach-o.dylib"; name = libz.dylib; path = usr/lib/libz.dylib; sourceTree = SDKROOT; };
		C9045F0C19E50765009444D4 /* MobileCoreServices.framework */ = {isa = PBXFileReference; lastKnownFileType = wrapper.framework; name = MobileCoreServices.framework; path = System/Library/Frameworks/MobileCoreServices.framework; sourceTree = SDKROOT; };
		C9045F0E19E50785009444D4 /* QuartzCore.framework */ = {isa = PBXFileReference; lastKnownFileType = wrapper.framework; name = QuartzCore.framework; path = System/Library/Frameworks/QuartzCore.framework; sourceTree = SDKROOT; };
		C9045F1019E50790009444D4 /* Security.framework */ = {isa = PBXFileReference; lastKnownFileType = wrapper.framework; name = Security.framework; path = System/Library/Frameworks/Security.framework; sourceTree = SDKROOT; };
		C9045F1219E50797009444D4 /* StoreKit.framework */ = {isa = PBXFileReference; lastKnownFileType = wrapper.framework; name = StoreKit.framework; path = System/Library/Frameworks/StoreKit.framework; sourceTree = SDKROOT; };
		C9045F1419E507A1009444D4 /* SystemConfiguration.framework */ = {isa = PBXFileReference; lastKnownFileType = wrapper.framework; name = SystemConfiguration.framework; path = System/Library/Frameworks/SystemConfiguration.framework; sourceTree = SDKROOT; };
		C942A2AF19E4E76B00E4E6B9 /* ParseFB.app */ = {isa = PBXFileReference; explicitFileType = wrapper.application; includeInIndex = 0; path = ParseFB.app; sourceTree = BUILT_PRODUCTS_DIR; };
		C942A2B319E4E76B00E4E6B9 /* Info.plist */ = {isa = PBXFileReference; lastKnownFileType = text.plist.xml; path = Info.plist; sourceTree = "<group>"; };
		C942A2B419E4E76B00E4E6B9 /* AppDelegate.swift */ = {isa = PBXFileReference; lastKnownFileType = sourcecode.swift; path = AppDelegate.swift; sourceTree = "<group>"; };
		C942A2B619E4E76B00E4E6B9 /* ViewController.swift */ = {isa = PBXFileReference; lastKnownFileType = sourcecode.swift; path = ViewController.swift; sourceTree = "<group>"; };
		C942A2B919E4E76B00E4E6B9 /* Base */ = {isa = PBXFileReference; lastKnownFileType = file.storyboard; name = Base; path = Base.lproj/Main.storyboard; sourceTree = "<group>"; };
		C942A2BB19E4E76B00E4E6B9 /* Images.xcassets */ = {isa = PBXFileReference; lastKnownFileType = folder.assetcatalog; path = Images.xcassets; sourceTree = "<group>"; };
		C942A2BE19E4E76B00E4E6B9 /* Base */ = {isa = PBXFileReference; lastKnownFileType = file.xib; name = Base; path = Base.lproj/LaunchScreen.xib; sourceTree = "<group>"; };
		C942A2C419E4E76B00E4E6B9 /* ParseFBTests.xctest */ = {isa = PBXFileReference; explicitFileType = wrapper.cfbundle; includeInIndex = 0; path = ParseFBTests.xctest; sourceTree = BUILT_PRODUCTS_DIR; };
		C942A2C919E4E76B00E4E6B9 /* Info.plist */ = {isa = PBXFileReference; lastKnownFileType = text.plist.xml; path = Info.plist; sourceTree = "<group>"; };
		C942A2CA19E4E76B00E4E6B9 /* ParseFBTests.swift */ = {isa = PBXFileReference; lastKnownFileType = sourcecode.swift; path = ParseFBTests.swift; sourceTree = "<group>"; };
		C942A48719E4E79F00E4E6B9 /* Bolts.framework */ = {isa = PBXFileReference; lastKnownFileType = wrapper.framework; path = Bolts.framework; sourceTree = "<group>"; };
		C942A48819E4E79F00E4E6B9 /* Parse.framework */ = {isa = PBXFileReference; lastKnownFileType = wrapper.framework; path = Parse.framework; sourceTree = "<group>"; };
		C942A48919E4E79F00E4E6B9 /* ParseFacebookUtils.framework */ = {isa = PBXFileReference; lastKnownFileType = wrapper.framework; path = ParseFacebookUtils.framework; sourceTree = "<group>"; };
		C942A49D19E4ED3200E4E6B9 /* ParseFB-Bridging-Header.h */ = {isa = PBXFileReference; lastKnownFileType = sourcecode.c.h; path = "ParseFB-Bridging-Header.h"; sourceTree = "<group>"; };
		C967CC8519E51033008BDF54 /* FacebookSDK.framework */ = {isa = PBXFileReference; lastKnownFileType = wrapper.framework; name = FacebookSDK.framework; path = ../../Documents/FacebookSDK/FacebookSDK.framework; sourceTree = "<group>"; };
		C967CC8719E5105C008BDF54 /* ParseFB.entitlements */ = {isa = PBXFileReference; lastKnownFileType = text.xml; path = ParseFB.entitlements; sourceTree = "<group>"; };
		C967CC8819E5105C008BDF54 /* HealthKit.framework */ = {isa = PBXFileReference; lastKnownFileType = wrapper.framework; name = HealthKit.framework; path = System/Library/Frameworks/HealthKit.framework; sourceTree = SDKROOT; };
/* End PBXFileReference section */

/* Begin PBXFrameworksBuildPhase section */
		C942A2AC19E4E76B00E4E6B9 /* Frameworks */ = {
			isa = PBXFrameworksBuildPhase;
			buildActionMask = 2147483647;
			files = (
				C9045F1519E507A1009444D4 /* SystemConfiguration.framework in Frameworks */,
				C9045F1319E50797009444D4 /* StoreKit.framework in Frameworks */,
				C9045F1119E50790009444D4 /* Security.framework in Frameworks */,
				C9045F0F19E50785009444D4 /* QuartzCore.framework in Frameworks */,
				C9045F0919E5074D009444D4 /* CoreLocation.framework in Frameworks */,
				C9045F0D19E50765009444D4 /* MobileCoreServices.framework in Frameworks */,
				C9045F0B19E5075A009444D4 /* libz.dylib in Frameworks */,
				C9045F0719E50745009444D4 /* CoreGraphics.framework in Frameworks */,
				C9045F0519E5073B009444D4 /* CFNetwork.framework in Frameworks */,
				C967CC8919E5105C008BDF54 /* HealthKit.framework in Frameworks */,
				C9045EFB19E50732009444D4 /* AudioToolbox.framework in Frameworks */,
				C942A48C19E4E79F00E4E6B9 /* ParseFacebookUtils.framework in Frameworks */,
				C942A48A19E4E79F00E4E6B9 /* Bolts.framework in Frameworks */,
				C942A48B19E4E79F00E4E6B9 /* Parse.framework in Frameworks */,
				C967CC8619E51033008BDF54 /* FacebookSDK.framework in Frameworks */,
			);
			runOnlyForDeploymentPostprocessing = 0;
		};
		C942A2C119E4E76B00E4E6B9 /* Frameworks */ = {
			isa = PBXFrameworksBuildPhase;
			buildActionMask = 2147483647;
			files = (
			);
			runOnlyForDeploymentPostprocessing = 0;
		};
/* End PBXFrameworksBuildPhase section */

/* Begin PBXGroup section */
		C942A2A619E4E76B00E4E6B9 = {
			isa = PBXGroup;
			children = (
				C967CC8219E50A64008BDF54 /* Frameworks */,
				C942A2B119E4E76B00E4E6B9 /* ParseFB */,
				C942A2C719E4E76B00E4E6B9 /* ParseFBTests */,
				C942A2B019E4E76B00E4E6B9 /* Products */,
			);
			sourceTree = "<group>";
			usesTabs = 0;
		};
		C942A2B019E4E76B00E4E6B9 /* Products */ = {
			isa = PBXGroup;
			children = (
				C942A2AF19E4E76B00E4E6B9 /* ParseFB.app */,
				C942A2C419E4E76B00E4E6B9 /* ParseFBTests.xctest */,
			);
			name = Products;
			sourceTree = "<group>";
		};
		C942A2B119E4E76B00E4E6B9 /* ParseFB */ = {
			isa = PBXGroup;
			children = (
				C967CC8719E5105C008BDF54 /* ParseFB.entitlements */,
				C942A49D19E4ED3200E4E6B9 /* ParseFB-Bridging-Header.h */,
				C942A2B419E4E76B00E4E6B9 /* AppDelegate.swift */,
				C942A2B619E4E76B00E4E6B9 /* ViewController.swift */,
				C942A2B819E4E76B00E4E6B9 /* Main.storyboard */,
				C942A2BB19E4E76B00E4E6B9 /* Images.xcassets */,
				C942A2BD19E4E76B00E4E6B9 /* LaunchScreen.xib */,
				C942A2B219E4E76B00E4E6B9 /* Supporting Files */,
			);
			path = ParseFB;
			sourceTree = "<group>";
		};
		C942A2B219E4E76B00E4E6B9 /* Supporting Files */ = {
			isa = PBXGroup;
			children = (
				C942A2B319E4E76B00E4E6B9 /* Info.plist */,
			);
			name = "Supporting Files";
			sourceTree = "<group>";
		};
		C942A2C719E4E76B00E4E6B9 /* ParseFBTests */ = {
			isa = PBXGroup;
			children = (
				C942A2CA19E4E76B00E4E6B9 /* ParseFBTests.swift */,
				C942A2C819E4E76B00E4E6B9 /* Supporting Files */,
			);
			path = ParseFBTests;
			sourceTree = "<group>";
		};
		C942A2C819E4E76B00E4E6B9 /* Supporting Files */ = {
			isa = PBXGroup;
			children = (
				C942A2C919E4E76B00E4E6B9 /* Info.plist */,
			);
			name = "Supporting Files";
			sourceTree = "<group>";
		};
		C942A48619E4E79F00E4E6B9 /* parse-library-1.4.1 */ = {
			isa = PBXGroup;
			children = (
				C942A48719E4E79F00E4E6B9 /* Bolts.framework */,
				C942A48819E4E79F00E4E6B9 /* Parse.framework */,
				C942A48919E4E79F00E4E6B9 /* ParseFacebookUtils.framework */,
			);
			path = "parse-library-1.4.1";
			sourceTree = "<group>";
		};
		C967CC8219E50A64008BDF54 /* Frameworks */ = {
			isa = PBXGroup;
			children = (
				C967CC8819E5105C008BDF54 /* HealthKit.framework */,
				C967CC8519E51033008BDF54 /* FacebookSDK.framework */,
				C9045F1419E507A1009444D4 /* SystemConfiguration.framework */,
				C9045F1219E50797009444D4 /* StoreKit.framework */,
				C9045F1019E50790009444D4 /* Security.framework */,
				C9045F0E19E50785009444D4 /* QuartzCore.framework */,
				C9045F0C19E50765009444D4 /* MobileCoreServices.framework */,
				C9045F0A19E5075A009444D4 /* libz.dylib */,
				C9045F0819E5074C009444D4 /* CoreLocation.framework */,
				C9045F0619E50745009444D4 /* CoreGraphics.framework */,
				C9045F0419E5073B009444D4 /* CFNetwork.framework */,
				C9045EFA19E50732009444D4 /* AudioToolbox.framework */,
				C942A48619E4E79F00E4E6B9 /* parse-library-1.4.1 */,
			);
			name = Frameworks;
			sourceTree = "<group>";
		};
/* End PBXGroup section */

/* Begin PBXNativeTarget section */
		C942A2AE19E4E76B00E4E6B9 /* ParseFB */ = {
			isa = PBXNativeTarget;
			buildConfigurationList = C942A2CE19E4E76B00E4E6B9 /* Build configuration list for PBXNativeTarget "ParseFB" */;
			buildPhases = (
				C942A2AB19E4E76B00E4E6B9 /* Sources */,
				C942A2AC19E4E76B00E4E6B9 /* Frameworks */,
				C942A2AD19E4E76B00E4E6B9 /* Resources */,
			);
			buildRules = (
			);
			dependencies = (
			);
			name = ParseFB;
			productName = ParseFB;
			productReference = C942A2AF19E4E76B00E4E6B9 /* ParseFB.app */;
			productType = "com.apple.product-type.application";
		};
		C942A2C319E4E76B00E4E6B9 /* ParseFBTests */ = {
			isa = PBXNativeTarget;
			buildConfigurationList = C942A2D119E4E76B00E4E6B9 /* Build configuration list for PBXNativeTarget "ParseFBTests" */;
			buildPhases = (
				C942A2C019E4E76B00E4E6B9 /* Sources */,
				C942A2C119E4E76B00E4E6B9 /* Frameworks */,
				C942A2C219E4E76B00E4E6B9 /* Resources */,
			);
			buildRules = (
			);
			dependencies = (
				C942A2C619E4E76B00E4E6B9 /* PBXTargetDependency */,
			);
			name = ParseFBTests;
			productName = ParseFBTests;
			productReference = C942A2C419E4E76B00E4E6B9 /* ParseFBTests.xctest */;
			productType = "com.apple.product-type.bundle.unit-test";
		};
/* End PBXNativeTarget section */

/* Begin PBXProject section */
		C942A2A719E4E76B00E4E6B9 /* Project object */ = {
			isa = PBXProject;
			attributes = {
				LastUpgradeCheck = 0610;
				ORGANIZATIONNAME = "Evan Gapella";
				TargetAttributes = {
					C942A2AE19E4E76B00E4E6B9 = {
						CreatedOnToolsVersion = 6.1;
						DevelopmentTeam = 7FX7Z6YJFR;
						SystemCapabilities = {
							com.apple.BackgroundModes = {
								enabled = 1;
							};
							com.apple.HealthKit = {
								enabled = 1;
							};
						};
					};
					C942A2C319E4E76B00E4E6B9 = {
						CreatedOnToolsVersion = 6.1;
						TestTargetID = C942A2AE19E4E76B00E4E6B9;
					};
				};
			};
			buildConfigurationList = C942A2AA19E4E76B00E4E6B9 /* Build configuration list for PBXProject "ParseFB" */;
			compatibilityVersion = "Xcode 3.2";
			developmentRegion = English;
			hasScannedForEncodings = 0;
			knownRegions = (
				en,
				Base,
				he,
			);
			mainGroup = C942A2A619E4E76B00E4E6B9;
			productRefGroup = C942A2B019E4E76B00E4E6B9 /* Products */;
			projectDirPath = "";
			projectRoot = "";
			targets = (
				C942A2AE19E4E76B00E4E6B9 /* ParseFB */,
				C942A2C319E4E76B00E4E6B9 /* ParseFBTests */,
			);
		};
/* End PBXProject section */

/* Begin PBXResourcesBuildPhase section */
		C942A2AD19E4E76B00E4E6B9 /* Resources */ = {
			isa = PBXResourcesBuildPhase;
			buildActionMask = 2147483647;
			files = (
				C942A2BA19E4E76B00E4E6B9 /* Main.storyboard in Resources */,
				C942A2BF19E4E76B00E4E6B9 /* LaunchScreen.xib in Resources */,
				C942A2BC19E4E76B00E4E6B9 /* Images.xcassets in Resources */,
			);
			runOnlyForDeploymentPostprocessing = 0;
		};
		C942A2C219E4E76B00E4E6B9 /* Resources */ = {
			isa = PBXResourcesBuildPhase;
			buildActionMask = 2147483647;
			files = (
			);
			runOnlyForDeploymentPostprocessing = 0;
		};
/* End PBXResourcesBuildPhase section */

/* Begin PBXSourcesBuildPhase section */
		C942A2AB19E4E76B00E4E6B9 /* Sources */ = {
			isa = PBXSourcesBuildPhase;
			buildActionMask = 2147483647;
			files = (
				C942A2B719E4E76B00E4E6B9 /* ViewController.swift in Sources */,
				C942A2B519E4E76B00E4E6B9 /* AppDelegate.swift in Sources */,
			);
			runOnlyForDeploymentPostprocessing = 0;
		};
		C942A2C019E4E76B00E4E6B9 /* Sources */ = {
			isa = PBXSourcesBuildPhase;
			buildActionMask = 2147483647;
			files = (
				C942A2CB19E4E76B00E4E6B9 /* ParseFBTests.swift in Sources */,
			);
			runOnlyForDeploymentPostprocessing = 0;
		};
/* End PBXSourcesBuildPhase section */

/* Begin PBXTargetDependency section */
		C942A2C619E4E76B00E4E6B9 /* PBXTargetDependency */ = {
			isa = PBXTargetDependency;
			target = C942A2AE19E4E76B00E4E6B9 /* ParseFB */;
			targetProxy = C942A2C519E4E76B00E4E6B9 /* PBXContainerItemProxy */;
		};
/* End PBXTargetDependency section */

/* Begin PBXVariantGroup section */
		C942A2B819E4E76B00E4E6B9 /* Main.storyboard */ = {
			isa = PBXVariantGroup;
			children = (
				C942A2B919E4E76B00E4E6B9 /* Base */,
			);
			name = Main.storyboard;
			sourceTree = "<group>";
		};
		C942A2BD19E4E76B00E4E6B9 /* LaunchScreen.xib */ = {
			isa = PBXVariantGroup;
			children = (
				C942A2BE19E4E76B00E4E6B9 /* Base */,
			);
			name = LaunchScreen.xib;
			sourceTree = "<group>";
		};
/* End PBXVariantGroup section */

/* Begin XCBuildConfiguration section */
		C942A2CC19E4E76B00E4E6B9 /* Debug */ = {
			isa = XCBuildConfiguration;
			buildSettings = {
				ALWAYS_SEARCH_USER_PATHS = NO;
				CLANG_CXX_LANGUAGE_STANDARD = "gnu++0x";
				CLANG_CXX_LIBRARY = "libc++";
				CLANG_ENABLE_MODULES = YES;
				CLANG_ENABLE_OBJC_ARC = YES;
				CLANG_WARN_BOOL_CONVERSION = YES;
				CLANG_WARN_CONSTANT_CONVERSION = YES;
				CLANG_WARN_DIRECT_OBJC_ISA_USAGE = YES_ERROR;
				CLANG_WARN_EMPTY_BODY = YES;
				CLANG_WARN_ENUM_CONVERSION = YES;
				CLANG_WARN_INT_CONVERSION = YES;
				CLANG_WARN_OBJC_ROOT_CLASS = YES_ERROR;
				CLANG_WARN_UNREACHABLE_CODE = YES;
				CLANG_WARN__DUPLICATE_METHOD_MATCH = YES;
				"CODE_SIGN_IDENTITY[sdk=iphoneos*]" = "iPhone Developer";
				COPY_PHASE_STRIP = NO;
				ENABLE_STRICT_OBJC_MSGSEND = YES;
				GCC_C_LANGUAGE_STANDARD = gnu99;
				GCC_DYNAMIC_NO_PIC = NO;
				GCC_OPTIMIZATION_LEVEL = 0;
				GCC_PREPROCESSOR_DEFINITIONS = (
					"DEBUG=1",
					"$(inherited)",
				);
				GCC_SYMBOLS_PRIVATE_EXTERN = NO;
				GCC_WARN_64_TO_32_BIT_CONVERSION = YES;
				GCC_WARN_ABOUT_RETURN_TYPE = YES_ERROR;
				GCC_WARN_UNDECLARED_SELECTOR = YES;
				GCC_WARN_UNINITIALIZED_AUTOS = YES_AGGRESSIVE;
				GCC_WARN_UNUSED_FUNCTION = YES;
				GCC_WARN_UNUSED_VARIABLE = YES;
				IPHONEOS_DEPLOYMENT_TARGET = 8.0;
				MTL_ENABLE_DEBUG_INFO = YES;
				ONLY_ACTIVE_ARCH = YES;
				SDKROOT = iphoneos;
				SWIFT_OPTIMIZATION_LEVEL = "-Onone";
			};
			name = Debug;
		};
		C942A2CD19E4E76B00E4E6B9 /* Release */ = {
			isa = XCBuildConfiguration;
			buildSettings = {
				ALWAYS_SEARCH_USER_PATHS = NO;
				CLANG_CXX_LANGUAGE_STANDARD = "gnu++0x";
				CLANG_CXX_LIBRARY = "libc++";
				CLANG_ENABLE_MODULES = YES;
				CLANG_ENABLE_OBJC_ARC = YES;
				CLANG_WARN_BOOL_CONVERSION = YES;
				CLANG_WARN_CONSTANT_CONVERSION = YES;
				CLANG_WARN_DIRECT_OBJC_ISA_USAGE = YES_ERROR;
				CLANG_WARN_EMPTY_BODY = YES;
				CLANG_WARN_ENUM_CONVERSION = YES;
				CLANG_WARN_INT_CONVERSION = YES;
				CLANG_WARN_OBJC_ROOT_CLASS = YES_ERROR;
				CLANG_WARN_UNREACHABLE_CODE = YES;
				CLANG_WARN__DUPLICATE_METHOD_MATCH = YES;
				"CODE_SIGN_IDENTITY[sdk=iphoneos*]" = "iPhone Developer";
				COPY_PHASE_STRIP = YES;
				ENABLE_NS_ASSERTIONS = NO;
				ENABLE_STRICT_OBJC_MSGSEND = YES;
				GCC_C_LANGUAGE_STANDARD = gnu99;
				GCC_WARN_64_TO_32_BIT_CONVERSION = YES;
				GCC_WARN_ABOUT_RETURN_TYPE = YES_ERROR;
				GCC_WARN_UNDECLARED_SELECTOR = YES;
				GCC_WARN_UNINITIALIZED_AUTOS = YES_AGGRESSIVE;
				GCC_WARN_UNUSED_FUNCTION = YES;
				GCC_WARN_UNUSED_VARIABLE = YES;
				IPHONEOS_DEPLOYMENT_TARGET = 8.0;
				MTL_ENABLE_DEBUG_INFO = NO;
				SDKROOT = iphoneos;
				VALIDATE_PRODUCT = YES;
			};
			name = Release;
		};
		C942A2CF19E4E76B00E4E6B9 /* Debug */ = {
			isa = XCBuildConfiguration;
			buildSettings = {
				ASSETCATALOG_COMPILER_APPICON_NAME = AppIcon;
				CODE_SIGN_ENTITLEMENTS = ParseFB/ParseFB.entitlements;
				CODE_SIGN_IDENTITY = "iPhone Developer";
				"CODE_SIGN_IDENTITY[sdk=iphoneos*]" = "iPhone Developer";
				FRAMEWORK_SEARCH_PATHS = (
					"$(inherited)",
					/Users/evangapella/Documents/FacebookSDK,
					/Users/evangapella/Documents/FacebookSDK/FBAudienceNetwork,
					"$(PROJECT_DIR)/parse-library-1.4.1",
				);
				INFOPLIST_FILE = ParseFB/Info.plist;
				IPHONEOS_DEPLOYMENT_TARGET = 8.0;
				LD_RUNPATH_SEARCH_PATHS = "$(inherited) @executable_path/Frameworks";
				PRODUCT_NAME = "$(TARGET_NAME)";
				PROVISIONING_PROFILE = "";
				SWIFT_INSTALL_OBJC_HEADER = YES;
				SWIFT_OBJC_BRIDGING_HEADER = "ParseFB/ParseFB-Bridging-Header.h";
			};
			name = Debug;
		};
		C942A2D019E4E76B00E4E6B9 /* Release */ = {
			isa = XCBuildConfiguration;
			buildSettings = {
				ASSETCATALOG_COMPILER_APPICON_NAME = AppIcon;
				CODE_SIGN_ENTITLEMENTS = ParseFB/ParseFB.entitlements;
				CODE_SIGN_IDENTITY = "iPhone Developer";
				"CODE_SIGN_IDENTITY[sdk=iphoneos*]" = "iPhone Developer";
				FRAMEWORK_SEARCH_PATHS = (
					"$(inherited)",
					/Users/evangapella/Documents/FacebookSDK,
					/Users/evangapella/Documents/FacebookSDK/FBAudienceNetwork,
					"$(PROJECT_DIR)/parse-library-1.4.1",
				);
				INFOPLIST_FILE = ParseFB/Info.plist;
				IPHONEOS_DEPLOYMENT_TARGET = 8.0;
				LD_RUNPATH_SEARCH_PATHS = "$(inherited) @executable_path/Frameworks";
				PRODUCT_NAME = "$(TARGET_NAME)";
				PROVISIONING_PROFILE = "";
				SWIFT_INSTALL_OBJC_HEADER = YES;
				SWIFT_OBJC_BRIDGING_HEADER = "ParseFB/ParseFB-Bridging-Header.h";
			};
			name = Release;
		};
		C942A2D219E4E76B00E4E6B9 /* Debug */ = {
			isa = XCBuildConfiguration;
			buildSettings = {
				BUNDLE_LOADER = "$(TEST_HOST)";
				FRAMEWORK_SEARCH_PATHS = (
					"$(SDKROOT)/Developer/Library/Frameworks",
					"$(inherited)",
				);
				GCC_PREPROCESSOR_DEFINITIONS = (
					"DEBUG=1",
					"$(inherited)",
				);
				INFOPLIST_FILE = ParseFBTests/Info.plist;
				IPHONEOS_DEPLOYMENT_TARGET = 8.0;
				LD_RUNPATH_SEARCH_PATHS = "$(inherited) @executable_path/Frameworks @loader_path/Frameworks";
				PRODUCT_NAME = "$(TARGET_NAME)";
				TEST_HOST = "$(BUILT_PRODUCTS_DIR)/ParseFB.app/ParseFB";
			};
			name = Debug;
		};
		C942A2D319E4E76B00E4E6B9 /* Release */ = {
			isa = XCBuildConfiguration;
			buildSettings = {
				BUNDLE_LOADER = "$(TEST_HOST)";
				FRAMEWORK_SEARCH_PATHS = (
					"$(SDKROOT)/Developer/Library/Frameworks",
					"$(inherited)",
				);
				INFOPLIST_FILE = ParseFBTests/Info.plist;
				IPHONEOS_DEPLOYMENT_TARGET = 8.0;
				LD_RUNPATH_SEARCH_PATHS = "$(inherited) @executable_path/Frameworks @loader_path/Frameworks";
				PRODUCT_NAME = "$(TARGET_NAME)";
				TEST_HOST = "$(BUILT_PRODUCTS_DIR)/ParseFB.app/ParseFB";
			};
			name = Release;
		};
/* End XCBuildConfiguration section */

/* Begin XCConfigurationList section */
		C942A2AA19E4E76B00E4E6B9 /* Build configuration list for PBXProject "ParseFB" */ = {
			isa = XCConfigurationList;
			buildConfigurations = (
				C942A2CC19E4E76B00E4E6B9 /* Debug */,
				C942A2CD19E4E76B00E4E6B9 /* Release */,
			);
			defaultConfigurationIsVisible = 0;
			defaultConfigurationName = Release;
		};
		C942A2CE19E4E76B00E4E6B9 /* Build configuration list for PBXNativeTarget "ParseFB" */ = {
			isa = XCConfigurationList;
			buildConfigurations = (
				C942A2CF19E4E76B00E4E6B9 /* Debug */,
				C942A2D019E4E76B00E4E6B9 /* Release */,
			);
			defaultConfigurationIsVisible = 0;
			defaultConfigurationName = Release;
		};
		C942A2D119E4E76B00E4E6B9 /* Build configuration list for PBXNativeTarget "ParseFBTests" */ = {
			isa = XCConfigurationList;
			buildConfigurations = (
				C942A2D219E4E76B00E4E6B9 /* Debug */,
				C942A2D319E4E76B00E4E6B9 /* Release */,
			);
			defaultConfigurationIsVisible = 0;
			defaultConfigurationName = Release;
		};
/* End XCConfigurationList section */
	};
	rootObject = C942A2A719E4E76B00E4E6B9 /* Project object */;
}
